
Microsoft Visual Studio Solution File, Format Version 12.00
# Visual Studio 2012
Project("{FAE04EC0-301F-11D3-BF4B-00C04F79EFBC}") = "PrimeiroMac", "PrimeiroMac\PrimeiroMac.csproj", "{9B068121-CA24-4BC8-A335-72F91C4246BE}"
EndProject
Global
	GlobalSection(SolutionConfigurationPlatforms) = preSolution
		Debug|Any CPU = Debug|Any CPU
		Release|Any CPU = Release|Any CPU
	EndGlobalSection
	GlobalSection(ProjectConfigurationPlatforms) = postSolution
		{9B068121-CA24-4BC8-A335-72F91C4246BE}.Debug|Any CPU.ActiveCfg = Debug|Any CPU
		{9B068121-CA24-4BC8-A335-72F91C4246BE}.Debug|Any CPU.Build.0 = Debug|Any CPU
		{9B068121-CA24-4BC8-A335-72F91C4246BE}.Release|Any CPU.ActiveCfg = Release|Any CPU
		{9B068121-CA24-4BC8-A335-72F91C4246BE}.Release|Any CPU.Build.0 = Release|Any CPU
	EndGlobalSection
EndGlobal
